
Microsoft Visual Studio Solution File, Format Version 12.00
# Visual Studio Version 17
VisualStudioVersion = 17.9.34723.18
MinimumVisualStudioVersion = 10.0.40219.1
Project("{FAE04EC0-301F-11D3-BF4B-00C04F79EFBC}") = "srs1", "srs1\srs1.csproj", "{B539B03D-1959-4602-B6DC-B5CA227657F5}"
EndProject
Global
	GlobalSection(SolutionConfigurationPlatforms) = preSolution
		Debug|Any CPU = Debug|Any CPU
		Release|Any CPU = Release|Any CPU
	EndGlobalSection
	GlobalSection(ProjectConfigurationPlatforms) = postSolution
		{B539B03D-1959-4602-B6DC-B5CA227657F5}.Debug|Any CPU.ActiveCfg = Debug|Any CPU
		{B539B03D-1959-4602-B6DC-B5CA227657F5}.Debug|Any CPU.Build.0 = Debug|Any CPU
		{B539B03D-1959-4602-B6DC-B5CA227657F5}.Release|Any CPU.ActiveCfg = Release|Any CPU
		{B539B03D-1959-4602-B6DC-B5CA227657F5}.Release|Any CPU.Build.0 = Release|Any CPU
	EndGlobalSection
	GlobalSection(SolutionProperties) = preSolution
		HideSolutionNode = FALSE
	EndGlobalSection
	GlobalSection(ExtensibilityGlobals) = postSolution
		SolutionGuid = {B2D0C489-814E-4739-8722-F2C87A36F4FE}
	EndGlobalSection
EndGlobal
